
Microsoft Visual Studio Solution File, Format Version 12.00
# Visual Studio Version 17
VisualStudioVersion = 17.8.34525.116
MinimumVisualStudioVersion = 10.0.40219.1
Project("{FAE04EC0-301F-11D3-BF4B-00C04F79EFBC}") = "CLDV6211_POEPART1", "CLDV6211_POEPART1\CLDV6211_POEPART1.csproj", "{5039398D-5476-4F1A-9E88-691FAD28616E}"
EndProject
Global
	GlobalSection(SolutionConfigurationPlatforms) = preSolution
		Debug|Any CPU = Debug|Any CPU
		Release|Any CPU = Release|Any CPU
	EndGlobalSection
	GlobalSection(ProjectConfigurationPlatforms) = postSolution
		{5039398D-5476-4F1A-9E88-691FAD28616E}.Debug|Any CPU.ActiveCfg = Debug|Any CPU
		{5039398D-5476-4F1A-9E88-691FAD28616E}.Debug|Any CPU.Build.0 = Debug|Any CPU
		{5039398D-5476-4F1A-9E88-691FAD28616E}.Release|Any CPU.ActiveCfg = Release|Any CPU
		{5039398D-5476-4F1A-9E88-691FAD28616E}.Release|Any CPU.Build.0 = Release|Any CPU
	EndGlobalSection
	GlobalSection(SolutionProperties) = preSolution
		HideSolutionNode = FALSE
	EndGlobalSection
	GlobalSection(ExtensibilityGlobals) = postSolution
		SolutionGuid = {C9F638AC-8CCD-4FA8-96B3-891F790BC7B6}
	EndGlobalSection
EndGlobal
